
Microsoft Visual Studio Solution File, Format Version 10.00
# Visual Studio 2008
Project("{FAE04EC0-301F-11D3-BF4B-00C04F79EFBC}") = "ApnIdScanner", "ApnIdScanner\ApnIdScanner.csproj", "{7F58B186-20DB-43C4-833D-7E8EDC77BA7F}"
EndProject
Global
	GlobalSection(SolutionConfigurationPlatforms) = preSolution
		Debug|Any CPU = Debug|Any CPU
		Debug|x86 = Debug|x86
		Release|Any CPU = Release|Any CPU
		Release|x86 = Release|x86
	EndGlobalSection
	GlobalSection(ProjectConfigurationPlatforms) = postSolution
		{7F58B186-20DB-43C4-833D-7E8EDC77BA7F}.Debug|Any CPU.ActiveCfg = Debug|Any CPU
		{7F58B186-20DB-43C4-833D-7E8EDC77BA7F}.Debug|Any CPU.Build.0 = Debug|Any CPU
		{7F58B186-20DB-43C4-833D-7E8EDC77BA7F}.Debug|x86.ActiveCfg = Debug|x86
		{7F58B186-20DB-43C4-833D-7E8EDC77BA7F}.Debug|x86.Build.0 = Debug|x86
		{7F58B186-20DB-43C4-833D-7E8EDC77BA7F}.Release|Any CPU.ActiveCfg = Release|Any CPU
		{7F58B186-20DB-43C4-833D-7E8EDC77BA7F}.Release|Any CPU.Build.0 = Release|Any CPU
		{7F58B186-20DB-43C4-833D-7E8EDC77BA7F}.Release|x86.ActiveCfg = Release|x86
		{7F58B186-20DB-43C4-833D-7E8EDC77BA7F}.Release|x86.Build.0 = Release|x86
	EndGlobalSection
	GlobalSection(SolutionProperties) = preSolution
		HideSolutionNode = FALSE
	EndGlobalSection
EndGlobal
